{
  "version": 4,
  "terraform_version": "1.1.3",
  "serial": 55,
  "lineage": "27985832-63e4-9a8f-2854-15b9f069415d",
  "outputs": {},
  "resources": [
    {
      "mode": "managed",
      "type": "scaleway_instance_ip",
      "name": "public_ip",
      "provider": "provider[\"registry.terraform.io/scaleway/scaleway\"]",
      "instances": [
        {
          "schema_version": 0,
          "attributes": {
            "address": "51.158.113.195",
            "id": "fr-par-1/89f49370-af70-47c5-9483-2675bac323cd",
            "organization_id": "0846ffa3-3110-490b-99f7-a0c9690c4705",
            "project_id": "0846ffa3-3110-490b-99f7-a0c9690c4705",
            "reverse": "",
            "server_id": "fr-par-1/532be0fc-d467-4885-89ee-491f950e1e57",
            "timeouts": null,
            "zone": "fr-par-1"
          },
          "sensitive_attributes": [],
          "private": "eyJlMmJmYjczMC1lY2FhLTExZTYtOGY4OC0zNDM2M2JjN2M0YzAiOnsiY3JlYXRlIjo2MDAwMDAwMDAwMCwiZGVmYXVsdCI6NjAwMDAwMDAwMDAsImRlbGV0ZSI6NjAwMDAwMDAwMDAsInJlYWQiOjYwMDAwMDAwMDAwLCJ1cGRhdGUiOjYwMDAwMDAwMDAwfX0="
        }
      ]
    },
    {
      "mode": "managed",
      "type": "scaleway_instance_server",
      "name": "web",
      "provider": "provider[\"registry.terraform.io/scaleway/scaleway\"]",
      "instances": [
        {
          "status": "tainted",
          "schema_version": 0,
          "attributes": {
            "additional_volume_ids": null,
            "boot_type": "local",
            "bootscript_id": "fdfe150f-a870-4ce4-b432-9f56b5b995c1",
            "cloud_init": null,
            "enable_dynamic_ip": false,
            "enable_ipv6": false,
            "id": "fr-par-1/c047fe10-c883-495e-af66-23b62f0d7b51",
            "image": "ubuntu_focal",
            "ip_id": "fr-par-1/89f49370-af70-47c5-9483-2675bac323cd",
            "ipv6_address": "",
            "ipv6_gateway": "",
            "ipv6_prefix_length": 0,
            "name": "tf-srv-agitated-rosalind",
            "organization_id": "0846ffa3-3110-490b-99f7-a0c9690c4705",
            "placement_group_id": null,
            "placement_group_policy_respected": null,
            "private_ip": "10.65.114.5",
            "private_network": [],
            "project_id": "0846ffa3-3110-490b-99f7-a0c9690c4705",
            "public_ip": "51.158.113.195",
            "root_volume": [
              {
                "boot": false,
                "delete_on_termination": true,
                "size_in_gb": 20,
                "volume_id": "fr-par-1/b4eaab5e-2f9d-4f2b-9386-fdacf0c87261"
              }
            ],
            "security_group_id": "fr-par-1/cd076d13-026c-4548-9f84-86d69705e471",
            "state": "started",
            "tags": [
              "front",
              "web"
            ],
            "timeouts": null,
            "type": "DEV1-S",
            "user_data": null,
            "zone": "fr-par-1"
          },
          "sensitive_attributes": [],
          "private": "eyJlMmJmYjczMC1lY2FhLTExZTYtOGY4OC0zNDM2M2JjN2M0YzAiOnsiY3JlYXRlIjo2MDAwMDAwMDAwMDAsImRlZmF1bHQiOjYwMDAwMDAwMDAwMCwiZGVsZXRlIjo2MDAwMDAwMDAwMDAsInJlYWQiOjYwMDAwMDAwMDAwMCwidXBkYXRlIjo2MDAwMDAwMDAwMDB9fQ==",
          "dependencies": [
            "scaleway_instance_ip.public_ip"
          ]
        }
      ]
    },
    {
      "mode": "managed",
      "type": "scaleway_rdb_database",
      "name": "main",
      "provider": "provider[\"registry.terraform.io/scaleway/scaleway\"]",
      "instances": [
        {
          "schema_version": 0,
          "attributes": {
            "id": "fr-par/265d352f-9f28-4138-a5dd-d4d7929ca7a3/db-phpipam",
            "instance_id": "fr-par/265d352f-9f28-4138-a5dd-d4d7929ca7a3",
            "managed": true,
            "name": "db-phpipam",
            "owner": "",
            "size": "0",
            "timeouts": null
          },
          "sensitive_attributes": [],
          "private": "eyJlMmJmYjczMC1lY2FhLTExZTYtOGY4OC0zNDM2M2JjN2M0YzAiOnsiY3JlYXRlIjo5MDAwMDAwMDAwMDAsImRlZmF1bHQiOjkwMDAwMDAwMDAwMCwiZGVsZXRlIjo5MDAwMDAwMDAwMDAsInJlYWQiOjkwMDAwMDAwMDAwMCwidXBkYXRlIjo5MDAwMDAwMDAwMDB9fQ==",
          "dependencies": [
            "scaleway_rdb_instance.main"
          ]
        }
      ]
    },
    {
      "mode": "managed",
      "type": "scaleway_rdb_instance",
      "name": "main",
      "provider": "provider[\"registry.terraform.io/scaleway/scaleway\"]",
      "instances": [
        {
          "schema_version": 0,
          "attributes": {
            "backup_schedule_frequency": 24,
            "backup_schedule_retention": 7,
            "certificate": "-----BEGIN CERTIFICATE-----\nMIID+zCCAuOgAwIBAgIUDr9t0VcMzTx5iOy9oI6gnMpM168wDQYJKoZIhvcNAQEL\nBQAwgYcxCzAJBgNVBAYTAkZSMQ4wDAYDVQQIDAVQYXJpczEOMAwGA1UEBwwFUGFy\naXMxETAPBgNVBAoMCFNjYWxld2F5MUUwQwYDVQQDDDxydy0yNjVkMzUyZi05ZjI4\nLTQxMzgtYTVkZC1kNGQ3OTI5Y2E3YTMucmRiLmZyLXBhci5zY3cuY2xvdWQwHhcN\nMjIwMTEyMDkyMTA0WhcNMzIwMTEwMDkyMTA0WjCBhzELMAkGA1UEBhMCRlIxDjAM\nBgNVBAgMBVBhcmlzMQ4wDAYDVQQHDAVQYXJpczERMA8GA1UECgwIU2NhbGV3YXkx\nRTBDBgNVBAMMPHJ3LTI2NWQzNTJmLTlmMjgtNDEzOC1hNWRkLWQ0ZDc5MjljYTdh\nMy5yZGIuZnItcGFyLnNjdy5jbG91ZDCCASIwDQYJKoZIhvcNAQEBBQADggEPADCC\nAQoCggEBALt6TR6i5vDHrkwgPv0x4Mrn527saE6TcmhMMyA1wQ2FY2BJXwK/cTXY\nwxzMrdZiB2mQ2TB0pJ24OxgWwhVOGY+2iw1bEo+K4PlntAdlwM8hlsTKO1AAzL0h\ny8wILrd4b4ZcmKVEzwUhKeeMXGCEmmHh/bz/doo4uOuwtfFB1YGp3/XleAYfvdY5\niRhZr5xcL/R6cXpTtzG788ZWXvJqeN3PuyYs6c2qHf3yRKll7opdkqeeMj4rNsaZ\nnYCL+LO99TPxoxIqAVqGdraSam7urXfrppZzk8e7PJOakfeIwTlZmOd59u8mgWMA\nHCPkwIW9qIM+STD0cFan8xxkKv5S7V0CAwEAAaNdMFswWQYDVR0RBFIwUII8cnct\nMjY1ZDM1MmYtOWYyOC00MTM4LWE1ZGQtZDRkNzkyOWNhN2EzLnJkYi5mci1wYXIu\nc2N3LmNsb3VkhwQznmzghwQzD435hwQznwl8MA0GCSqGSIb3DQEBCwUAA4IBAQCz\nG1zT88aIQSgP/eLnw+q2tFHqCNufqK7xNjp9pJuZqArfKwB3Ol9flNP2dLKe4Lr9\nBYX8hFlUlSKVfnw8JjI/pyXe/WZ8oGX1tNDaTSOxlX6qdD86cGecOQ09Le/s2Auc\netjESkHRmCH0nzUmajsX+X0L/L39y0I4YW41AhEno68E0LxEqZK1d8gtzUQg5puH\nn8QXRPY42EjMZu1YO2Qg7/rw59nS78CI2O80ISZh58Q7blCza7Oj88dcNmmBSohZ\nMJ5eLDQ0XDP0RlekYhk0AUz2sFHIP1ROE+8o8+O80IwJoB1J9c529/4BOXmazhWz\neURxVmkKWoxgLP+0g0Zi\n-----END CERTIFICATE-----\n",
            "disable_backup": true,
            "endpoint_ip": "51.159.9.124",
            "endpoint_port": 8763,
            "engine": "MySQL-8",
            "id": "fr-par/265d352f-9f28-4138-a5dd-d4d7929ca7a3",
            "is_ha_cluster": true,
            "load_balancer": [
              {
                "endpoint_id": "8fb9b283-c7ed-4d6f-bf66-b0eb1a4e8a8b",
                "hostname": "",
                "ip": "51.159.9.124",
                "name": "",
                "port": 8763
              }
            ],
            "name": "mysql-rdb",
            "node_type": "db-dev-s",
            "organization_id": "0846ffa3-3110-490b-99f7-a0c9690c4705",
            "password": "Azerty!123",
            "private_network": [],
            "project_id": "0846ffa3-3110-490b-99f7-a0c9690c4705",
            "read_replicas": [],
            "region": "fr-par",
            "settings": {
              "max_connections": "100"
            },
            "tags": [],
            "timeouts": null,
            "user_name": "phpipam",
            "volume_size_in_gb": 5,
            "volume_type": "lssd"
          },
          "sensitive_attributes": [],
          "private": "eyJlMmJmYjczMC1lY2FhLTExZTYtOGY4OC0zNDM2M2JjN2M0YzAiOnsiY3JlYXRlIjo5MDAwMDAwMDAwMDAsImRlZmF1bHQiOjkwMDAwMDAwMDAwMCwiZGVsZXRlIjo5MDAwMDAwMDAwMDAsInJlYWQiOjkwMDAwMDAwMDAwMCwidXBkYXRlIjo5MDAwMDAwMDAwMDB9fQ=="
        }
      ]
    }
  ]
}
